<?xml version="1.0" encoding="utf-8"?>
<Project ToolsVersion="4.0" xmlns="http://schemas.microsoft.com/developer/msbuild/2003">
  <ItemGroup>
    <Filter Include="Source Files">
      <UniqueIdentifier>{4FC737F1-C7A5-4376-A066-2A32D752A2FF}</UniqueIdentifier>
      <Extensions>cpp;c;cc;cxx;def;odl;idl;hpj;bat;asm;asmx</Extensions>
    </Filter>
    <Filter Include="Header Files">
      <UniqueIdentifier>{93995380-89BD-4b04-88EB-625FBE52EBFB}</UniqueIdentifier>
      <Extensions>h;hpp;hxx;hm;inl;inc;xsd</Extensions>
    </Filter>
    <Filter Include="Resource Files">
      <UniqueIdentifier>{67DA6AB6-F800-4c08-8B7A-83BB121AAD01}</UniqueIdentifier>
      <Extensions>rc;ico;cur;bmp;dlg;rc2;rct;bin;rgs;gif;jpg;jpeg;jpe;resx;tiff;tif;png;wav;mfcribbon-ms</Extensions>
    </Filter>
    <Filter Include="Framework">
      <UniqueIdentifier>{16e4acd3-aac0-42e9-843a-775cb3a21985}</UniqueIdentifier>
    </Filter>
    <Filter Include="Code">
      <UniqueIdentifier>{cc0b2740-e666-44b2-856f-89ff0b22f035}</UniqueIdentifier>
    </Filter>
  </ItemGroup>
  <ItemGroup>
    <ClCompile Include="main.cpp">
      <Filter>Source Files</Filter>
    </ClCompile>
    <ClCompile Include="Code\Framework\aldlist.cpp">
      <Filter>Framework</Filter>
    </ClCompile>
    <ClCompile Include="Code\Framework\CWaves.cpp">
      <Filter>Framework</Filter>
    </ClCompile>
    <ClCompile Include="Code\Framework\Framework.cpp">
      <Filter>Framework</Filter>
    </ClCompile>
    <ClCompile Include="Code\Framework\LoadOAL.cpp">
      <Filter>Framework</Filter>
    </ClCompile>
    <ClCompile Include="Code\AudioWrapper.cpp">
      <Filter>Code</Filter>
    </ClCompile>
    <ClCompile Include="Code\AudioController.cpp">
      <Filter>Code</Filter>
    </ClCompile>
    <ClCompile Include="Code\InputController.cpp">
      <Filter>Code</Filter>
    </ClCompile>
    <ClCompile Include="Code\OutputVideoController.cpp">
      <Filter>Code</Filter>
    </ClCompile>
  </ItemGroup>
  <ItemGroup>
    <ClInclude Include="Code\Framework\aldlist.h">
      <Filter>Framework</Filter>
    </ClInclude>
    <ClInclude Include="Code\Framework\CWaves.h">
      <Filter>Framework</Filter>
    </ClInclude>
    <ClInclude Include="Code\Framework\Framework.h">
      <Filter>Framework</Filter>
    </ClInclude>
    <ClInclude Include="Code\Framework\LoadOAL.h">
      <Filter>Framework</Filter>
    </ClInclude>
    <ClInclude Include="Code\AudioWrapper.h">
      <Filter>Code</Filter>
    </ClInclude>
    <ClInclude Include="Code\AudioController.h">
      <Filter>Code</Filter>
    </ClInclude>
    <ClInclude Include="Code\InputController.h">
      <Filter>Code</Filter>
    </ClInclude>
    <ClInclude Include="Code\OutputVideoController.h">
      <Filter>Code</Filter>
    </ClInclude>
  </ItemGroup>
</Project>